// !$*UTF8*$!
{
	archiveVersion = 1;
	classes = {
	};
	objectVersion = 50;
	objects = {

/* Begin PBXBuildFile section */
		A10058ED23643C2500E6232A /* AppDelegate.swift in Sources */ = {isa = PBXBuildFile; fileRef = A10058EC23643C2500E6232A /* AppDelegate.swift */; };
		A10058EF23643C2500E6232A /* ViewController.swift in Sources */ = {isa = PBXBuildFile; fileRef = A10058EE23643C2500E6232A /* ViewController.swift */; };
		A10058F223643C2500E6232A /* Main.storyboard in Resources */ = {isa = PBXBuildFile; fileRef = A10058F023643C2500E6232A /* Main.storyboard */; };
		A10058F423643C3000E6232A /* Assets.xcassets in Resources */ = {isa = PBXBuildFile; fileRef = A10058F323643C3000E6232A /* Assets.xcassets */; };
		A10058F723643C3000E6232A /* LaunchScreen.storyboard in Resources */ = {isa = PBXBuildFile; fileRef = A10058F523643C3000E6232A /* LaunchScreen.storyboard */; };
		A100590123644CE500E6232A /* Animals.mp4 in Resources */ = {isa = PBXBuildFile; fileRef = A100590023644CE500E6232A /* Animals.mp4 */; };
		A1DBDF2223645615001400E3 /* SecondViewController.swift in Sources */ = {isa = PBXBuildFile; fileRef = A1DBDF2123645615001400E3 /* SecondViewController.swift */; };
		A1DBDF2423645A6D001400E3 /* ThirdViewController.swift in Sources */ = {isa = PBXBuildFile; fileRef = A1DBDF2323645A6D001400E3 /* ThirdViewController.swift */; };
/* End PBXBuildFile section */

/* Begin PBXFileReference section */
		A10058E923643C2500E6232A /* Session4_segue.app */ = {isa = PBXFileReference; explicitFileType = wrapper.application; includeInIndex = 0; path = Session4_segue.app; sourceTree = BUILT_PRODUCTS_DIR; };
		A10058EC23643C2500E6232A /* AppDelegate.swift */ = {isa = PBXFileReference; lastKnownFileType = sourcecode.swift; path = AppDelegate.swift; sourceTree = "<group>"; };
		A10058EE23643C2500E6232A /* ViewController.swift */ = {isa = PBXFileReference; lastKnownFileType = sourcecode.swift; path = ViewController.swift; sourceTree = "<group>"; };
		A10058F123643C2500E6232A /* Base */ = {isa = PBXFileReference; lastKnownFileType = file.storyboard; name = Base; path = Base.lproj/Main.storyboard; sourceTree = "<group>"; };
		A10058F323643C3000E6232A /* Assets.xcassets */ = {isa = PBXFileReference; lastKnownFileType = folder.assetcatalog; path = Assets.xcassets; sourceTree = "<group>"; };
		A10058F623643C3000E6232A /* Base */ = {isa = PBXFileReference; lastKnownFileType = file.storyboard; name = Base; path = Base.lproj/LaunchScreen.storyboard; sourceTree = "<group>"; };
		A10058F823643C3000E6232A /* Info.plist */ = {isa = PBXFileReference; lastKnownFileType = text.plist.xml; path = Info.plist; sourceTree = "<group>"; };
		A100590023644CE500E6232A /* Animals.mp4 */ = {isa = PBXFileReference; lastKnownFileType = file; path = Animals.mp4; sourceTree = "<group>"; };
		A1DBDF2123645615001400E3 /* SecondViewController.swift */ = {isa = PBXFileReference; lastKnownFileType = sourcecode.swift; path = SecondViewController.swift; sourceTree = "<group>"; };
		A1DBDF2323645A6D001400E3 /* ThirdViewController.swift */ = {isa = PBXFileReference; lastKnownFileType = sourcecode.swift; path = ThirdViewController.swift; sourceTree = "<group>"; };
/* End PBXFileReference section */

/* Begin PBXFrameworksBuildPhase section */
		A10058E623643C2500E6232A /* Frameworks */ = {
			isa = PBXFrameworksBuildPhase;
			buildActionMask = 2147483647;
			files = (
			);
			runOnlyForDeploymentPostprocessing = 0;
		};
/* End PBXFrameworksBuildPhase section */

/* Begin PBXGroup section */
		A10058E023643C2500E6232A = {
			isa = PBXGroup;
			children = (
				A10058EB23643C2500E6232A /* Session4_segue */,
				A10058EA23643C2500E6232A /* Products */,
			);
			sourceTree = "<group>";
		};
		A10058EA23643C2500E6232A /* Products */ = {
			isa = PBXGroup;
			children = (
				A10058E923643C2500E6232A /* Session4_segue.app */,
			);
			name = Products;
			sourceTree = "<group>";
		};
		A10058EB23643C2500E6232A /* Session4_segue */ = {
			isa = PBXGroup;
			children = (
				A10058EC23643C2500E6232A /* AppDelegate.swift */,
				A10058EE23643C2500E6232A /* ViewController.swift */,
				A1DBDF2123645615001400E3 /* SecondViewController.swift */,
				A1DBDF2323645A6D001400E3 /* ThirdViewController.swift */,
				A10058F023643C2500E6232A /* Main.storyboard */,
				A100590023644CE500E6232A /* Animals.mp4 */,
				A10058F323643C3000E6232A /* Assets.xcassets */,
				A10058F523643C3000E6232A /* LaunchScreen.storyboard */,
				A10058F823643C3000E6232A /* Info.plist */,
			);
			path = Session4_segue;
			sourceTree = "<group>";
		};
/* End PBXGroup section */

/* Begin PBXNativeTarget section */
		A10058E823643C2500E6232A /* Session4_segue */ = {
			isa = PBXNativeTarget;
			buildConfigurationList = A10058FB23643C3000E6232A /* Build configuration list for PBXNativeTarget "Session4_segue" */;
			buildPhases = (
				A10058E523643C2500E6232A /* Sources */,
				A10058E623643C2500E6232A /* Frameworks */,
				A10058E723643C2500E6232A /* Resources */,
			);
			buildRules = (
			);
			dependencies = (
			);
			name = Session4_segue;
			productName = Session4_segue;
			productReference = A10058E923643C2500E6232A /* Session4_segue.app */;
			productType = "com.apple.product-type.application";
		};
/* End PBXNativeTarget section */

/* Begin PBXProject section */
		A10058E123643C2500E6232A /* Project object */ = {
			isa = PBXProject;
			attributes = {
				LastSwiftUpdateCheck = 1020;
				LastUpgradeCheck = 1020;
				ORGANIZATIONNAME = tableview;
				TargetAttributes = {
					A10058E823643C2500E6232A = {
						CreatedOnToolsVersion = 10.2.1;
					};
				};
			};
			buildConfigurationList = A10058E423643C2500E6232A /* Build configuration list for PBXProject "Session4_segue" */;
			compatibilityVersion = "Xcode 9.3";
			developmentRegion = en;
			hasScannedForEncodings = 0;
			knownRegions = (
				en,
				Base,
			);
			mainGroup = A10058E023643C2500E6232A;
			productRefGroup = A10058EA23643C2500E6232A /* Products */;
			projectDirPath = "";
			projectRoot = "";
			targets = (
				A10058E823643C2500E6232A /* Session4_segue */,
			);
		};
/* End PBXProject section */

/* Begin PBXResourcesBuildPhase section */
		A10058E723643C2500E6232A /* Resources */ = {
			isa = PBXResourcesBuildPhase;
			buildActionMask = 2147483647;
			files = (
				A10058F723643C3000E6232A /* LaunchScreen.storyboard in Resources */,
				A10058F423643C3000E6232A /* Assets.xcassets in Resources */,
				A10058F223643C2500E6232A /* Main.storyboard in Resources */,
				A100590123644CE500E6232A /* Animals.mp4 in Resources */,
			);
			runOnlyForDeploymentPostprocessing = 0;
		};
/* End PBXResourcesBuildPhase section */

/* Begin PBXSourcesBuildPhase section */
		A10058E523643C2500E6232A /* Sources */ = {
			isa = PBXSourcesBuildPhase;
			buildActionMask = 2147483647;
			files = (
				A1DBDF2223645615001400E3 /* SecondViewController.swift in Sources */,
				A10058EF23643C2500E6232A /* ViewController.swift in Sources */,
				A1DBDF2423645A6D001400E3 /* ThirdViewController.swift in Sources */,
				A10058ED23643C2500E6232A /* AppDelegate.swift in Sources */,
			);
			runOnlyForDeploymentPostprocessing = 0;
		};
/* End PBXSourcesBuildPhase section */

/* Begin PBXVariantGroup section */
		A10058F023643C2500E6232A /* Main.storyboard */ = {
			isa = PBXVariantGroup;
			children = (
				A10058F123643C2500E6232A /* Base */,
			);
			name = Main.storyboard;
			sourceTree = "<group>";
		};
		A10058F523643C3000E6232A /* LaunchScreen.storyboard */ = {
			isa = PBXVariantGroup;
			children = (
				A10058F623643C3000E6232A /* Base */,
			);
			name = LaunchScreen.storyboard;
			sourceTree = "<group>";
		};
/* End PBXVariantGroup section */

/* Begin XCBuildConfiguration section */
		A10058F923643C3000E6232A /* Debug */ = {
			isa = XCBuildConfiguration;
			buildSettings = {
				ALWAYS_SEARCH_USER_PATHS = NO;
				CLANG_ANALYZER_NONNULL = YES;
				CLANG_ANALYZER_NUMBER_OBJECT_CONVERSION = YES_AGGRESSIVE;
				CLANG_CXX_LANGUAGE_STANDARD = "gnu++14";
				CLANG_CXX_LIBRARY = "libc++";
				CLANG_ENABLE_MODULES = YES;
				CLANG_ENABLE_OBJC_ARC = YES;
				CLANG_ENABLE_OBJC_WEAK = YES;
				CLANG_WARN_BLOCK_CAPTURE_AUTORELEASING = YES;
				CLANG_WARN_BOOL_CONVERSION = YES;
				CLANG_WARN_COMMA = YES;
				CLANG_WARN_CONSTANT_CONVERSION = YES;
				CLANG_WARN_DEPRECATED_OBJC_IMPLEMENTATIONS = YES;
				CLANG_WARN_DIRECT_OBJC_ISA_USAGE = YES_ERROR;
				CLANG_WARN_DOCUMENTATION_COMMENTS = YES;
				CLANG_WARN_EMPTY_BODY = YES;
				CLANG_WARN_ENUM_CONVERSION = YES;
				CLANG_WARN_INFINITE_RECURSION = YES;
				CLANG_WARN_INT_CONVERSION = YES;
				CLANG_WARN_NON_LITERAL_NULL_CONVERSION = YES;
				CLANG_WARN_OBJC_IMPLICIT_RETAIN_SELF = YES;
				CLANG_WARN_OBJC_LITERAL_CONVERSION = YES;
				CLANG_WARN_OBJC_ROOT_CLASS = YES_ERROR;
				CLANG_WARN_RANGE_LOOP_ANALYSIS = YES;
				CLANG_WARN_STRICT_PROTOTYPES = YES;
				CLANG_WARN_SUSPICIOUS_MOVE = YES;
				CLANG_WARN_UNGUARDED_AVAILABILITY = YES_AGGRESSIVE;
				CLANG_WARN_UNREACHABLE_CODE = YES;
				CLANG_WARN__DUPLICATE_METHOD_MATCH = YES;
				CODE_SIGN_IDENTITY = "iPhone Developer";
				COPY_PHASE_STRIP = NO;
				DEBUG_INFORMATION_FORMAT = dwarf;
				ENABLE_STRICT_OBJC_MSGSEND = YES;
				ENABLE_TESTABILITY = YES;
				GCC_C_LANGUAGE_STANDARD = gnu11;
				GCC_DYNAMIC_NO_PIC = NO;
				GCC_NO_COMMON_BLOCKS = YES;
				GCC_OPTIMIZATION_LEVEL = 0;
				GCC_PREPROCESSOR_DEFINITIONS = (
					"DEBUG=1",
					"$(inherited)",
				);
				GCC_WARN_64_TO_32_BIT_CONVERSION = YES;
				GCC_WARN_ABOUT_RETURN_TYPE = YES_ERROR;
				GCC_WARN_UNDECLARED_SELECTOR = YES;
				GCC_WARN_UNINITIALIZED_AUTOS = YES_AGGRESSIVE;
				GCC_WARN_UNUSED_FUNCTION = YES;
				GCC_WARN_UNUSED_VARIABLE = YES;
				IPHONEOS_DEPLOYMENT_TARGET = 12.2;
				MTL_ENABLE_DEBUG_INFO = INCLUDE_SOURCE;
				MTL_FAST_MATH = YES;
				ONLY_ACTIVE_ARCH = YES;
				SDKROOT = iphoneos;
				SWIFT_ACTIVE_COMPILATION_CONDITIONS = DEBUG;
				SWIFT_OPTIMIZATION_LEVEL = "-Onone";
			};
			name = Debug;
		};
		A10058FA23643C3000E6232A /* Release */ = {
			isa = XCBuildConfiguration;
			buildSettings = {
				ALWAYS_SEARCH_USER_PATHS = NO;
				CLANG_ANALYZER_NONNULL = YES;
				CLANG_ANALYZER_NUMBER_OBJECT_CONVERSION = YES_AGGRESSIVE;
				CLANG_CXX_LANGUAGE_STANDARD = "gnu++14";
				CLANG_CXX_LIBRARY = "libc++";
				CLANG_ENABLE_MODULES = YES;
				CLANG_ENABLE_OBJC_ARC = YES;
				CLANG_ENABLE_OBJC_WEAK = YES;
				CLANG_WARN_BLOCK_CAPTURE_AUTORELEASING = YES;
				CLANG_WARN_BOOL_CONVERSION = YES;
				CLANG_WARN_COMMA = YES;
				CLANG_WARN_CONSTANT_CONVERSION = YES;
				CLANG_WARN_DEPRECATED_OBJC_IMPLEMENTATIONS = YES;
				CLANG_WARN_DIRECT_OBJC_ISA_USAGE = YES_ERROR;
				CLANG_WARN_DOCUMENTATION_COMMENTS = YES;
				CLANG_WARN_EMPTY_BODY = YES;
				CLANG_WARN_ENUM_CONVERSION = YES;
				CLANG_WARN_INFINITE_RECURSION = YES;
				CLANG_WARN_INT_CONVERSION = YES;
				CLANG_WARN_NON_LITERAL_NULL_CONVERSION = YES;
				CLANG_WARN_OBJC_IMPLICIT_RETAIN_SELF = YES;
				CLANG_WARN_OBJC_LITERAL_CONVERSION = YES;
				CLANG_WARN_OBJC_ROOT_CLASS = YES_ERROR;
				CLANG_WARN_RANGE_LOOP_ANALYSIS = YES;
				CLANG_WARN_STRICT_PROTOTYPES = YES;
				CLANG_WARN_SUSPICIOUS_MOVE = YES;
				CLANG_WARN_UNGUARDED_AVAILABILITY = YES_AGGRESSIVE;
				CLANG_WARN_UNREACHABLE_CODE = YES;
				CLANG_WARN__DUPLICATE_METHOD_MATCH = YES;
				CODE_SIGN_IDENTITY = "iPhone Developer";
				COPY_PHASE_STRIP = NO;
				DEBUG_INFORMATION_FORMAT = "dwarf-with-dsym";
				ENABLE_NS_ASSERTIONS = NO;
				ENABLE_STRICT_OBJC_MSGSEND = YES;
				GCC_C_LANGUAGE_STANDARD = gnu11;
				GCC_NO_COMMON_BLOCKS = YES;
				GCC_WARN_64_TO_32_BIT_CONVERSION = YES;
				GCC_WARN_ABOUT_RETURN_TYPE = YES_ERROR;
				GCC_WARN_UNDECLARED_SELECTOR = YES;
				GCC_WARN_UNINITIALIZED_AUTOS = YES_AGGRESSIVE;
				GCC_WARN_UNUSED_FUNCTION = YES;
				GCC_WARN_UNUSED_VARIABLE = YES;
				IPHONEOS_DEPLOYMENT_TARGET = 12.2;
				MTL_ENABLE_DEBUG_INFO = NO;
				MTL_FAST_MATH = YES;
				SDKROOT = iphoneos;
				SWIFT_COMPILATION_MODE = wholemodule;
				SWIFT_OPTIMIZATION_LEVEL = "-O";
				VALIDATE_PRODUCT = YES;
			};
			name = Release;
		};
		A10058FC23643C3000E6232A /* Debug */ = {
			isa = XCBuildConfiguration;
			buildSettings = {
				ASSETCATALOG_COMPILER_APPICON_NAME = AppIcon;
				CODE_SIGN_STYLE = Automatic;
				INFOPLIST_FILE = Session4_segue/Info.plist;
				LD_RUNPATH_SEARCH_PATHS = (
					"$(inherited)",
					"@executable_path/Frameworks",
				);
				PRODUCT_BUNDLE_IDENTIFIER = "com.HarsH.Session4-segue";
				PRODUCT_NAME = "$(TARGET_NAME)";
				SWIFT_VERSION = 5.0;
				TARGETED_DEVICE_FAMILY = "1,2";
			};
			name = Debug;
		};
		A10058FD23643C3000E6232A /* Release */ = {
			isa = XCBuildConfiguration;
			buildSettings = {
				ASSETCATALOG_COMPILER_APPICON_NAME = AppIcon;
				CODE_SIGN_STYLE = Automatic;
				INFOPLIST_FILE = Session4_segue/Info.plist;
				LD_RUNPATH_SEARCH_PATHS = (
					"$(inherited)",
					"@executable_path/Frameworks",
				);
				PRODUCT_BUNDLE_IDENTIFIER = "com.HarsH.Session4-segue";
				PRODUCT_NAME = "$(TARGET_NAME)";
				SWIFT_VERSION = 5.0;
				TARGETED_DEVICE_FAMILY = "1,2";
			};
			name = Release;
		};
/* End XCBuildConfiguration section */

/* Begin XCConfigurationList section */
		A10058E423643C2500E6232A /* Build configuration list for PBXProject "Session4_segue" */ = {
			isa = XCConfigurationList;
			buildConfigurations = (
				A10058F923643C3000E6232A /* Debug */,
				A10058FA23643C3000E6232A /* Release */,
			);
			defaultConfigurationIsVisible = 0;
			defaultConfigurationName = Release;
		};
		A10058FB23643C3000E6232A /* Build configuration list for PBXNativeTarget "Session4_segue" */ = {
			isa = XCConfigurationList;
			buildConfigurations = (
				A10058FC23643C3000E6232A /* Debug */,
				A10058FD23643C3000E6232A /* Release */,
			);
			defaultConfigurationIsVisible = 0;
			defaultConfigurationName = Release;
		};
/* End XCConfigurationList section */
	};
	rootObject = A10058E123643C2500E6232A /* Project object */;
}
